Microsoft Visual Studio Solution File, Format Version 12.00
# Visual Studio Version 17
VisualStudioVersion = 17.0.31903.59
MinimumVisualStudioVersion = 10.0.40219.1
Project("{151C4F96-1558-4812-A69E-2CCEF5582A04}") = "Project_e96099c711a249cd9c1f10cbb9542909_20250601200320614647", "Project_e96099c711a249cd9c1f10cbb9542909_20250601200320614647.csproj", "{151C4F96-1558-4812-A69E-2CCEF5582A04}"
EndProject
Global
    GlobalSection(SolutionConfigurationPlatforms) = preSolution
        Debug|Any CPU = Debug|Any CPU
        Release|Any CPU = Release|Any CPU
    EndGlobalSection
    GlobalSection(ProjectConfigurationPlatforms) = postSolution
        {151C4F96-1558-4812-A69E-2CCEF5582A04}.Debug|Any CPU.ActiveCfg = Debug|Any CPU
        {151C4F96-1558-4812-A69E-2CCEF5582A04}.Debug|Any CPU.Build.0 = Debug|Any CPU
        {151C4F96-1558-4812-A69E-2CCEF5582A04}.Release|Any CPU.ActiveCfg = Release|Any CPU
        {151C4F96-1558-4812-A69E-2CCEF5582A04}.Release|Any CPU.Build.0 = Release|Any CPU
    EndGlobalSection
EndGlobal